// !$*UTF8*$!
{
	archiveVersion = 1;
	classes = {
	};
	objectVersion = 77;
	objects = {

/* Begin PBXBuildFile section */
		0F4177D532B04D722BDC82CD /* AnalyticsView.swift in Sources */ = {isa = PBXBuildFile; fileRef = E03353C8BA42CEFE8AA640FB /* AnalyticsView.swift */; };
		15AFDE53A5D9ED3A94AA22AC /* Platform.swift in Sources */ = {isa = PBXBuildFile; fileRef = BC81F10813AF663328A85220 /* Platform.swift */; };
		383D42453C4B002C3480B72D /* FareResult.swift in Sources */ = {isa = PBXBuildFile; fileRef = E88148059606F64500A12D5C /* FareResult.swift */; };
		3F326EA4E57901F7294E5A9E /* MainTabView.swift in Sources */ = {isa = PBXBuildFile; fileRef = AE645F223247A6D9657DF8D3 /* MainTabView.swift */; };
		3F61898D188FDDF1FD1C4546 /* FareSearchViewModel.swift in Sources */ = {isa = PBXBuildFile; fileRef = E2B051394DF8AFDE207A9F40 /* FareSearchViewModel.swift */; };
		735DA147634E14D77089889E /* SurgeForecastView.swift in Sources */ = {isa = PBXBuildFile; fileRef = E5B42D3DDB986BE501AB0EAB /* SurgeForecastView.swift */; };
		985558A4CF81FB55112D3060 /* PlannerView.swift in Sources */ = {isa = PBXBuildFile; fileRef = 4617D40233F1740793577B0A /* PlannerView.swift */; };
		9BAE9026B409E6ED931E34EB /* ProSubscriptionView.swift in Sources */ = {isa = PBXBuildFile; fileRef = D8884F102BAD19298B205689 /* ProSubscriptionView.swift */; };
		9DC7827709790027F6F2AB15 /* DesignSystem.swift in Sources */ = {isa = PBXBuildFile; fileRef = 46B3CAFF951C9D2FE07EDA1B /* DesignSystem.swift */; };
		A2D742A16C6D91D82FF353AB /* HomeView.swift in Sources */ = {isa = PBXBuildFile; fileRef = DC77D7A48CBF349CDC925FDD /* HomeView.swift */; };
		A94BDFF1FA6CF3EF45217B7B /* ProfileView.swift in Sources */ = {isa = PBXBuildFile; fileRef = B533EDB774EA5AC83F5705B9 /* ProfileView.swift */; };
		B73C7DB1F67B1D2946C0474E /* package.xcworkspace in Resources */ = {isa = PBXBuildFile; fileRef = AC9877A84B9C56F59F5BB007 /* package.xcworkspace */; };
		D98FFF68C80C00C57D083738 /* FareResultCard.swift in Sources */ = {isa = PBXBuildFile; fileRef = 62B18514563814861D4A9C96 /* FareResultCard.swift */; };
		EB49BE2AD38FA36054B5BBBE /* RideScoutApp.swift in Sources */ = {isa = PBXBuildFile; fileRef = 37D1E7F0D103067789FB8DAD /* RideScoutApp.swift */; };
		FF2CE4B01478842CF81FAA29 /* SurgeBadge.swift in Sources */ = {isa = PBXBuildFile; fileRef = 076AC206CE47D8843856008F /* SurgeBadge.swift */; };
/* End PBXBuildFile section */

/* Begin PBXFileReference section */
		076AC206CE47D8843856008F /* SurgeBadge.swift */ = {isa = PBXFileReference; lastKnownFileType = sourcecode.swift; path = SurgeBadge.swift; sourceTree = "<group>"; };
		332A7752420BC4BC51F409B3 /* Info.plist */ = {isa = PBXFileReference; lastKnownFileType = text.plist; path = Info.plist; sourceTree = "<group>"; };
		37D1E7F0D103067789FB8DAD /* RideScoutApp.swift */ = {isa = PBXFileReference; lastKnownFileType = sourcecode.swift; path = RideScoutApp.swift; sourceTree = "<group>"; };
		4617D40233F1740793577B0A /* PlannerView.swift */ = {isa = PBXFileReference; lastKnownFileType = sourcecode.swift; path = PlannerView.swift; sourceTree = "<group>"; };
		46B3CAFF951C9D2FE07EDA1B /* DesignSystem.swift */ = {isa = PBXFileReference; lastKnownFileType = sourcecode.swift; path = DesignSystem.swift; sourceTree = "<group>"; };
		62B18514563814861D4A9C96 /* FareResultCard.swift */ = {isa = PBXFileReference; lastKnownFileType = sourcecode.swift; path = FareResultCard.swift; sourceTree = "<group>"; };
		AC9877A84B9C56F59F5BB007 /* package.xcworkspace */ = {isa = PBXFileReference; lastKnownFileType = wrapper.workspace; path = package.xcworkspace; sourceTree = "<group>"; };
		AE645F223247A6D9657DF8D3 /* MainTabView.swift */ = {isa = PBXFileReference; lastKnownFileType = sourcecode.swift; path = MainTabView.swift; sourceTree = "<group>"; };
		B533EDB774EA5AC83F5705B9 /* ProfileView.swift */ = {isa = PBXFileReference; lastKnownFileType = sourcecode.swift; path = ProfileView.swift; sourceTree = "<group>"; };
		BC81F10813AF663328A85220 /* Platform.swift */ = {isa = PBXFileReference; lastKnownFileType = sourcecode.swift; path = Platform.swift; sourceTree = "<group>"; };
		D8884F102BAD19298B205689 /* ProSubscriptionView.swift */ = {isa = PBXFileReference; lastKnownFileType = sourcecode.swift; path = ProSubscriptionView.swift; sourceTree = "<group>"; };
		DC77D7A48CBF349CDC925FDD /* HomeView.swift */ = {isa = PBXFileReference; lastKnownFileType = sourcecode.swift; path = HomeView.swift; sourceTree = "<group>"; };
		E03353C8BA42CEFE8AA640FB /* AnalyticsView.swift */ = {isa = PBXFileReference; lastKnownFileType = sourcecode.swift; path = AnalyticsView.swift; sourceTree = "<group>"; };
		E2B051394DF8AFDE207A9F40 /* FareSearchViewModel.swift */ = {isa = PBXFileReference; lastKnownFileType = sourcecode.swift; path = FareSearchViewModel.swift; sourceTree = "<group>"; };
		E5B42D3DDB986BE501AB0EAB /* SurgeForecastView.swift */ = {isa = PBXFileReference; lastKnownFileType = sourcecode.swift; path = SurgeForecastView.swift; sourceTree = "<group>"; };
		E88148059606F64500A12D5C /* FareResult.swift */ = {isa = PBXFileReference; lastKnownFileType = sourcecode.swift; path = FareResult.swift; sourceTree = "<group>"; };
		EB59319CCA31B6015BF355E5 /* RideScout.app */ = {isa = PBXFileReference; includeInIndex = 0; lastKnownFileType = wrapper.application; path = RideScout.app; sourceTree = BUILT_PRODUCTS_DIR; };
/* End PBXFileReference section */

/* Begin PBXGroup section */
		49E0B5C02737A5EDF9ABB2B7 /* Components */ = {
			isa = PBXGroup;
			children = (
				076AC206CE47D8843856008F /* SurgeBadge.swift */,
			);
			path = Components;
			sourceTree = "<group>";
		};
		5DA86643260D714439D1B13B /* .swiftpm */ = {
			isa = PBXGroup;
			children = (
				5E6F402825DDEBB2F43CF740 /* xcode */,
			);
			path = .swiftpm;
			sourceTree = "<group>";
		};
		5E6F402825DDEBB2F43CF740 /* xcode */ = {
			isa = PBXGroup;
			children = (
				AC9877A84B9C56F59F5BB007 /* package.xcworkspace */,
			);
			path = xcode;
			sourceTree = "<group>";
		};
		7A991F97748E6B3E77B1649C = {
			isa = PBXGroup;
			children = (
				806B7A3F62A8DD1678D453A8 /* RideScout */,
				AA96D5473015FD43222EB43F /* Products */,
			);
			sourceTree = "<group>";
		};
		806B7A3F62A8DD1678D453A8 /* RideScout */ = {
			isa = PBXGroup;
			children = (
				332A7752420BC4BC51F409B3 /* Info.plist */,
				37D1E7F0D103067789FB8DAD /* RideScoutApp.swift */,
				5DA86643260D714439D1B13B /* .swiftpm */,
				DC00124FF79C4568C1EAAFB4 /* Models */,
				F27968D88EBAB805264CBECA /* ViewModels */,
				DEEBF23110C3AD7776445371 /* Views */,
			);
			path = RideScout;
			sourceTree = "<group>";
		};
		AA96D5473015FD43222EB43F /* Products */ = {
			isa = PBXGroup;
			children = (
				EB59319CCA31B6015BF355E5 /* RideScout.app */,
			);
			name = Products;
			sourceTree = "<group>";
		};
		DC00124FF79C4568C1EAAFB4 /* Models */ = {
			isa = PBXGroup;
			children = (
				E88148059606F64500A12D5C /* FareResult.swift */,
				BC81F10813AF663328A85220 /* Platform.swift */,
			);
			path = Models;
			sourceTree = "<group>";
		};
		DEEBF23110C3AD7776445371 /* Views */ = {
			isa = PBXGroup;
			children = (
				E03353C8BA42CEFE8AA640FB /* AnalyticsView.swift */,
				46B3CAFF951C9D2FE07EDA1B /* DesignSystem.swift */,
				62B18514563814861D4A9C96 /* FareResultCard.swift */,
				DC77D7A48CBF349CDC925FDD /* HomeView.swift */,
				AE645F223247A6D9657DF8D3 /* MainTabView.swift */,
				4617D40233F1740793577B0A /* PlannerView.swift */,
				B533EDB774EA5AC83F5705B9 /* ProfileView.swift */,
				D8884F102BAD19298B205689 /* ProSubscriptionView.swift */,
				E5B42D3DDB986BE501AB0EAB /* SurgeForecastView.swift */,
				49E0B5C02737A5EDF9ABB2B7 /* Components */,
			);
			path = Views;
			sourceTree = "<group>";
		};
		F27968D88EBAB805264CBECA /* ViewModels */ = {
			isa = PBXGroup;
			children = (
				E2B051394DF8AFDE207A9F40 /* FareSearchViewModel.swift */,
			);
			path = ViewModels;
			sourceTree = "<group>";
		};
/* End PBXGroup section */

/* Begin PBXNativeTarget section */
		341DC0E7C84D23FF11081A33 /* RideScout */ = {
			isa = PBXNativeTarget;
			buildConfigurationList = F2B8AF7009DF3FC07952A3E4 /* Build configuration list for PBXNativeTarget "RideScout" */;
			buildPhases = (
				74AAA6A3E889833E70172F53 /* Sources */,
				A44428F3CD538FAD3D6DF22F /* Resources */,
			);
			buildRules = (
			);
			dependencies = (
			);
			name = RideScout;
			packageProductDependencies = (
			);
			productName = RideScout;
			productReference = EB59319CCA31B6015BF355E5 /* RideScout.app */;
			productType = "com.apple.product-type.application";
		};
/* End PBXNativeTarget section */

/* Begin PBXProject section */
		0C1CBBF22EF5E5F491EE6522 /* Project object */ = {
			isa = PBXProject;
			attributes = {
				BuildIndependentTargetsInParallel = YES;
				LastUpgradeCheck = 1430;
				TargetAttributes = {
				};
			};
			buildConfigurationList = 6EF584DB5A5E90F5163FF0BA /* Build configuration list for PBXProject "RideScout" */;
			developmentRegion = en;
			hasScannedForEncodings = 0;
			knownRegions = (
				Base,
				en,
			);
			mainGroup = 7A991F97748E6B3E77B1649C;
			minimizedProjectReferenceProxies = 1;
			preferredProjectObjectVersion = 77;
			productRefGroup = AA96D5473015FD43222EB43F /* Products */;
			projectDirPath = "";
			projectRoot = "";
			targets = (
				341DC0E7C84D23FF11081A33 /* RideScout */,
			);
		};
/* End PBXProject section */

/* Begin PBXResourcesBuildPhase section */
		A44428F3CD538FAD3D6DF22F /* Resources */ = {
			isa = PBXResourcesBuildPhase;
			buildActionMask = 2147483647;
			files = (
				B73C7DB1F67B1D2946C0474E /* package.xcworkspace in Resources */,
			);
			runOnlyForDeploymentPostprocessing = 0;
		};
/* End PBXResourcesBuildPhase section */

/* Begin PBXSourcesBuildPhase section */
		74AAA6A3E889833E70172F53 /* Sources */ = {
			isa = PBXSourcesBuildPhase;
			buildActionMask = 2147483647;
			files = (
				0F4177D532B04D722BDC82CD /* AnalyticsView.swift in Sources */,
				9DC7827709790027F6F2AB15 /* DesignSystem.swift in Sources */,
				383D42453C4B002C3480B72D /* FareResult.swift in Sources */,
				D98FFF68C80C00C57D083738 /* FareResultCard.swift in Sources */,
				3F61898D188FDDF1FD1C4546 /* FareSearchViewModel.swift in Sources */,
				A2D742A16C6D91D82FF353AB /* HomeView.swift in Sources */,
				3F326EA4E57901F7294E5A9E /* MainTabView.swift in Sources */,
				985558A4CF81FB55112D3060 /* PlannerView.swift in Sources */,
				15AFDE53A5D9ED3A94AA22AC /* Platform.swift in Sources */,
				9BAE9026B409E6ED931E34EB /* ProSubscriptionView.swift in Sources */,
				A94BDFF1FA6CF3EF45217B7B /* ProfileView.swift in Sources */,
				EB49BE2AD38FA36054B5BBBE /* RideScoutApp.swift in Sources */,
				FF2CE4B01478842CF81FAA29 /* SurgeBadge.swift in Sources */,
				735DA147634E14D77089889E /* SurgeForecastView.swift in Sources */,
			);
			runOnlyForDeploymentPostprocessing = 0;
		};
/* End PBXSourcesBuildPhase section */

/* Begin XCBuildConfiguration section */
		2C60A0764FC3780E061E7BEE /* Release */ = {
			isa = XCBuildConfiguration;
			buildSettings = {
				ASSETCATALOG_COMPILER_APPICON_NAME = AppIcon;
				CODE_SIGN_IDENTITY = "iPhone Developer";
				INFOPLIST_FILE = RideScout/Info.plist;
				IPHONEOS_DEPLOYMENT_TARGET = 16.0;
				LD_RUNPATH_SEARCH_PATHS = (
					"$(inherited)",
					"@executable_path/Frameworks",
				);
				PRODUCT_BUNDLE_IDENTIFIER = com.ridescout.RideScout;
				SDKROOT = iphoneos;
				TARGETED_DEVICE_FAMILY = "1,2";
			};
			name = Release;
		};
		38FC13824C363FE0F5B16B42 /* Debug */ = {
			isa = XCBuildConfiguration;
			buildSettings = {
				ASSETCATALOG_COMPILER_APPICON_NAME = AppIcon;
				CODE_SIGN_IDENTITY = "iPhone Developer";
				INFOPLIST_FILE = RideScout/Info.plist;
				IPHONEOS_DEPLOYMENT_TARGET = 16.0;
				LD_RUNPATH_SEARCH_PATHS = (
					"$(inherited)",
					"@executable_path/Frameworks",
				);
				PRODUCT_BUNDLE_IDENTIFIER = com.ridescout.RideScout;
				SDKROOT = iphoneos;
				TARGETED_DEVICE_FAMILY = "1,2";
			};
			name = Debug;
		};
		848F9DE7BE10E505CAE89315 /* Debug */ = {
			isa = XCBuildConfiguration;
			buildSettings = {
				ALWAYS_SEARCH_USER_PATHS = NO;
				CLANG_ANALYZER_NONNULL = YES;
				CLANG_ANALYZER_NUMBER_OBJECT_CONVERSION = YES_AGGRESSIVE;
				CLANG_CXX_LANGUAGE_STANDARD = "gnu++14";
				CLANG_CXX_LIBRARY = "libc++";
				CLANG_ENABLE_MODULES = YES;
				CLANG_ENABLE_OBJC_ARC = YES;
				CLANG_ENABLE_OBJC_WEAK = YES;
				CLANG_WARN_BLOCK_CAPTURE_AUTORELEASING = YES;
				CLANG_WARN_BOOL_CONVERSION = YES;
				CLANG_WARN_COMMA = YES;
				CLANG_WARN_CONSTANT_CONVERSION = YES;
				CLANG_WARN_DEPRECATED_OBJC_IMPLEMENTATIONS = YES;
				CLANG_WARN_DIRECT_OBJC_ISA_USAGE = YES_ERROR;
				CLANG_WARN_DOCUMENTATION_COMMENTS = YES;
				CLANG_WARN_EMPTY_BODY = YES;
				CLANG_WARN_ENUM_CONVERSION = YES;
				CLANG_WARN_INFINITE_RECURSION = YES;
				CLANG_WARN_INT_CONVERSION = YES;
				CLANG_WARN_NON_LITERAL_NULL_CONVERSION = YES;
				CLANG_WARN_OBJC_IMPLICIT_RETAIN_SELF = YES;
				CLANG_WARN_OBJC_LITERAL_CONVERSION = YES;
				CLANG_WARN_OBJC_ROOT_CLASS = YES_ERROR;
				CLANG_WARN_QUOTED_INCLUDE_IN_FRAMEWORK_HEADER = YES;
				CLANG_WARN_RANGE_LOOP_ANALYSIS = YES;
				CLANG_WARN_STRICT_PROTOTYPES = YES;
				CLANG_WARN_SUSPICIOUS_MOVE = YES;
				CLANG_WARN_UNGUARDED_AVAILABILITY = YES_AGGRESSIVE;
				CLANG_WARN_UNREACHABLE_CODE = YES;
				CLANG_WARN__DUPLICATE_METHOD_MATCH = YES;
				COPY_PHASE_STRIP = NO;
				DEBUG_INFORMATION_FORMAT = dwarf;
				ENABLE_STRICT_OBJC_MSGSEND = YES;
				ENABLE_TESTABILITY = YES;
				GCC_C_LANGUAGE_STANDARD = gnu11;
				GCC_DYNAMIC_NO_PIC = NO;
				GCC_NO_COMMON_BLOCKS = YES;
				GCC_OPTIMIZATION_LEVEL = 0;
				GCC_PREPROCESSOR_DEFINITIONS = (
					"$(inherited)",
					"DEBUG=1",
				);
				GCC_WARN_64_TO_32_BIT_CONVERSION = YES;
				GCC_WARN_ABOUT_RETURN_TYPE = YES_ERROR;
				GCC_WARN_UNDECLARED_SELECTOR = YES;
				GCC_WARN_UNINITIALIZED_AUTOS = YES_AGGRESSIVE;
				GCC_WARN_UNUSED_FUNCTION = YES;
				GCC_WARN_UNUSED_VARIABLE = YES;
				MTL_ENABLE_DEBUG_INFO = INCLUDE_SOURCE;
				MTL_FAST_MATH = YES;
				ONLY_ACTIVE_ARCH = YES;
				PRODUCT_NAME = "$(TARGET_NAME)";
				SDKROOT = iphoneos;
				SWIFT_ACTIVE_COMPILATION_CONDITIONS = DEBUG;
				SWIFT_OPTIMIZATION_LEVEL = "-Onone";
				SWIFT_VERSION = 5.0;
			};
			name = Debug;
		};
		99CA223FA68454DAB79D8B21 /* Release */ = {
			isa = XCBuildConfiguration;
			buildSettings = {
				ALWAYS_SEARCH_USER_PATHS = NO;
				CLANG_ANALYZER_NONNULL = YES;
				CLANG_ANALYZER_NUMBER_OBJECT_CONVERSION = YES_AGGRESSIVE;
				CLANG_CXX_LANGUAGE_STANDARD = "gnu++14";
				CLANG_CXX_LIBRARY = "libc++";
				CLANG_ENABLE_MODULES = YES;
				CLANG_ENABLE_OBJC_ARC = YES;
				CLANG_ENABLE_OBJC_WEAK = YES;
				CLANG_WARN_BLOCK_CAPTURE_AUTORELEASING = YES;
				CLANG_WARN_BOOL_CONVERSION = YES;
				CLANG_WARN_COMMA = YES;
				CLANG_WARN_CONSTANT_CONVERSION = YES;
				CLANG_WARN_DEPRECATED_OBJC_IMPLEMENTATIONS = YES;
				CLANG_WARN_DIRECT_OBJC_ISA_USAGE = YES_ERROR;
				CLANG_WARN_DOCUMENTATION_COMMENTS = YES;
				CLANG_WARN_EMPTY_BODY = YES;
				CLANG_WARN_ENUM_CONVERSION = YES;
				CLANG_WARN_INFINITE_RECURSION = YES;
				CLANG_WARN_INT_CONVERSION = YES;
				CLANG_WARN_NON_LITERAL_NULL_CONVERSION = YES;
				CLANG_WARN_OBJC_IMPLICIT_RETAIN_SELF = YES;
				CLANG_WARN_OBJC_LITERAL_CONVERSION = YES;
				CLANG_WARN_OBJC_ROOT_CLASS = YES_ERROR;
				CLANG_WARN_QUOTED_INCLUDE_IN_FRAMEWORK_HEADER = YES;
				CLANG_WARN_RANGE_LOOP_ANALYSIS = YES;
				CLANG_WARN_STRICT_PROTOTYPES = YES;
				CLANG_WARN_SUSPICIOUS_MOVE = YES;
				CLANG_WARN_UNGUARDED_AVAILABILITY = YES_AGGRESSIVE;
				CLANG_WARN_UNREACHABLE_CODE = YES;
				CLANG_WARN__DUPLICATE_METHOD_MATCH = YES;
				COPY_PHASE_STRIP = NO;
				DEBUG_INFORMATION_FORMAT = "dwarf-with-dsym";
				ENABLE_NS_ASSERTIONS = NO;
				ENABLE_STRICT_OBJC_MSGSEND = YES;
				GCC_C_LANGUAGE_STANDARD = gnu11;
				GCC_NO_COMMON_BLOCKS = YES;
				GCC_WARN_64_TO_32_BIT_CONVERSION = YES;
				GCC_WARN_ABOUT_RETURN_TYPE = YES_ERROR;
				GCC_WARN_UNDECLARED_SELECTOR = YES;
				GCC_WARN_UNINITIALIZED_AUTOS = YES_AGGRESSIVE;
				GCC_WARN_UNUSED_FUNCTION = YES;
				GCC_WARN_UNUSED_VARIABLE = YES;
				MTL_ENABLE_DEBUG_INFO = NO;
				MTL_FAST_MATH = YES;
				PRODUCT_NAME = "$(TARGET_NAME)";
				SDKROOT = iphoneos;
				SWIFT_COMPILATION_MODE = wholemodule;
				SWIFT_OPTIMIZATION_LEVEL = "-O";
				SWIFT_VERSION = 5.0;
			};
			name = Release;
		};
/* End XCBuildConfiguration section */

/* Begin XCConfigurationList section */
		6EF584DB5A5E90F5163FF0BA /* Build configuration list for PBXProject "RideScout" */ = {
			isa = XCConfigurationList;
			buildConfigurations = (
				848F9DE7BE10E505CAE89315 /* Debug */,
				99CA223FA68454DAB79D8B21 /* Release */,
			);
			defaultConfigurationIsVisible = 0;
			defaultConfigurationName = Debug;
		};
		F2B8AF7009DF3FC07952A3E4 /* Build configuration list for PBXNativeTarget "RideScout" */ = {
			isa = XCConfigurationList;
			buildConfigurations = (
				38FC13824C363FE0F5B16B42 /* Debug */,
				2C60A0764FC3780E061E7BEE /* Release */,
			);
			defaultConfigurationIsVisible = 0;
			defaultConfigurationName = Debug;
		};
/* End XCConfigurationList section */
	};
	rootObject = 0C1CBBF22EF5E5F491EE6522 /* Project object */;
}
